# THIS IS AN AUTOGENERATED FILE. DO NOT EDIT THIS FILE DIRECTLY.
# yarn lockfile v1


"@babel/runtime@^7.20.13":
  version "7.26.0"
  resolved "https://registry.npmjs.org/@babel/runtime/-/runtime-7.26.0.tgz"
  integrity sha512-FDSOghenHTiToteC/QRlv2q3DhPZ/oOXTBoirfWNx1Cx3TMVcGWQtMMmQcSvb/JjpNeGzx8Pq/b4fKEJuWm1sw==
  dependencies:
    regenerator-runtime "^0.14.0"

"@icons/material@^0.2.4":
  version "0.2.4"
  resolved "https://registry.yarnpkg.com/@icons/material/-/material-0.2.4.tgz#e90c9f71768b3736e76d7dd6783fc6c2afa88bc8"
  integrity sha512-QPcGmICAPbGLGb6F/yNf/KzKqvFx8z5qx3D1yFqVAjoFmXK35EgyW+cJ57Te3CNsmzblwtzakLGFqHPqrfb4Tw==

"@socket.io/component-emitter@~3.1.0":
  version "3.1.2"
  resolved "https://registry.yarnpkg.com/@socket.io/component-emitter/-/component-emitter-3.1.2.tgz#821f8442f4175d8f0467b9daf26e3a18e2d02af2"
  integrity sha512-9BCxFwvbGg/RsZK9tjXd8s4UcwR0MWeFQ1XEKIQVVvAGJyINdrqKMcTRyLoK8Rse1GjzLV9cwjWV1olXRWEXVA==

"@types/prop-types@*":
  version "15.7.13"
  resolved "https://registry.npmjs.org/@types/prop-types/-/prop-types-15.7.13.tgz"
  integrity sha512-hCZTSvwbzWGvhqxp/RqVqwU999pBf2vp7hzIjiYOsl8wqOmUxkQ6ddw1cV3l8811+kdUFus/q4d1Y3E3SyEifA==

"@types/react@^18.3.12":
  version "18.3.12"
  resolved "https://registry.npmjs.org/@types/react/-/react-18.3.12.tgz"
  integrity sha512-D2wOSq/d6Agt28q7rSI3jhU7G6aiuzljDGZ2hTZHIkrTLUI+AF3WMeKkEZ9nN2fkBAlcktT6vcZjDFiIhMYEQw==
  dependencies:
    "@types/prop-types" "*"
    csstype "^3.0.2"

csstype@^3.0.2:
  version "3.1.3"
  resolved "https://registry.npmjs.org/csstype/-/csstype-3.1.3.tgz"
  integrity sha512-M1uQkMl8rQK/szD0LNhtqxIPLpimGm8sOBwU7lLnCpSbTyY3yeU1Vc7l4KT5zT4s/yOxHH5O7tIuuLOCnLADRw==

debug@~4.3.1, debug@~4.3.2:
  version "4.3.7"
  resolved "https://registry.yarnpkg.com/debug/-/debug-4.3.7.tgz#87945b4151a011d76d95a198d7111c865c360a52"
  integrity sha512-Er2nc/H7RrMXZBFCEim6TCmMk02Z8vLC2Rbi1KEBggpo0fS6l0S1nnapwmIi3yW/+GOJap1Krg4w0Hg80oCqgQ==
  dependencies:
    ms "^2.1.3"

engine.io-client@~6.6.1:
  version "6.6.2"
  resolved "https://registry.yarnpkg.com/engine.io-client/-/engine.io-client-6.6.2.tgz#e0a09e1c90effe5d6264da1c56d7281998f1e50b"
  integrity sha512-TAr+NKeoVTjEVW8P3iHguO1LO6RlUz9O5Y8o7EY0fU+gY1NYqas7NN3slpFtbXEsLMHk0h90fJMfKjRkQ0qUIw==
  dependencies:
    "@socket.io/component-emitter" "~3.1.0"
    debug "~4.3.1"
    engine.io-parser "~5.2.1"
    ws "~8.17.1"
    xmlhttprequest-ssl "~2.1.1"

engine.io-parser@~5.2.1:
  version "5.2.3"
  resolved "https://registry.yarnpkg.com/engine.io-parser/-/engine.io-parser-5.2.3.tgz#00dc5b97b1f233a23c9398d0209504cf5f94d92f"
  integrity sha512-HqD3yTBfnBxIrbnM1DoD6Pcq8NECnh8d4As1Qgh0z5Gg3jRRIqijury0CL3ghu/edArpUYiYqQiDUQBIs4np3Q==

"js-tokens@^3.0.0 || ^4.0.0":
  version "4.0.0"
  resolved "https://registry.npmjs.org/js-tokens/-/js-tokens-4.0.0.tgz"
  integrity sha512-RdJUflcE3cUzKiMqQgsCu06FPu9UdIJO0beYbPhHN4k6apgJtifcoCtT9bcxOpYBtpD2kCM6Sbzg4CausW/PKQ==

lodash-es@^4.17.15:
  version "4.17.21"
  resolved "https://registry.yarnpkg.com/lodash-es/-/lodash-es-4.17.21.tgz#43e626c46e6591b7750beb2b50117390c609e3ee"
  integrity sha512-mKnC+QJ9pWVzv+C4/U3rRsHapFfHvQFoFB92e52xeyGMcX6/OlIl78je1u8vePzYZSkkogMPJ2yjxxsb89cxyw==

lodash@^4.0.1, lodash@^4.17.15:
  version "4.17.21"
  resolved "https://registry.yarnpkg.com/lodash/-/lodash-4.17.21.tgz#679591c564c3bffaae8454cf0b3df370c3d6911c"
  integrity sha512-v2kDEe57lecTulaDIuNTPy3Ry4gLGJ6Z1O3vE1krgXZNrsQ+LFTGHVxVjcXPs17LhbZVGedAJv8XZ1tvj5FvSg==

loose-envify@^1.4.0:
  version "1.4.0"
  resolved "https://registry.npmjs.org/loose-envify/-/loose-envify-1.4.0.tgz"
  integrity sha512-lyuxPGr/Wfhrlem2CL/UcnUc1zcqKAImBDzukY7Y5F/yQiNdko6+fRLevlw1HgMySw7f611UIY408EtxRSoK3Q==
  dependencies:
    js-tokens "^3.0.0 || ^4.0.0"

material-colors@^1.2.1:
  version "1.2.6"
  resolved "https://registry.yarnpkg.com/material-colors/-/material-colors-1.2.6.tgz#6d1958871126992ceecc72f4bcc4d8f010865f46"
  integrity sha512-6qE4B9deFBIa9YSpOc9O0Sgc43zTeVYbgDT5veRKSlB2+ZuHNoVVxA1L/ckMUayV9Ay9y7Z/SZCLcGteW9i7bg==

ms@^2.1.3:
  version "2.1.3"
  resolved "https://registry.yarnpkg.com/ms/-/ms-2.1.3.tgz#574c8138ce1d2b5861f0b44579dbadd60c6615b2"
  integrity sha512-6FlzubTLZG3J2a/NVCAleEhjzq5oxgHyaCU9yYXvcLsvoVaHJq/s5xXI6/XXP6tz7R9xAOtHnSO/tXtF3WRTlA==

object-assign@^4.1.1:
  version "4.1.1"
  resolved "https://registry.npmjs.org/object-assign/-/object-assign-4.1.1.tgz"
  integrity sha512-rJgTQnkUnH1sFw8yT6VSU3zD3sWmu6sZhIseY8VX+GRu3P6F7Fu+JNDoXfklElbLJSnc3FUQHVe4cU5hj+BcUg==

prettier-plugin-tailwindcss@^0.6.8:
  version "0.6.8"
  resolved "https://registry.npmjs.org/prettier-plugin-tailwindcss/-/prettier-plugin-tailwindcss-0.6.8.tgz"
  integrity sha512-dGu3kdm7SXPkiW4nzeWKCl3uoImdd5CTZEJGxyypEPL37Wj0HT2pLqjrvSei1nTeuQfO4PUfjeW5cTUNRLZ4sA==

prettier@^3.3.3:
  version "3.3.3"
  resolved "https://registry.npmjs.org/prettier/-/prettier-3.3.3.tgz"
  integrity sha512-i2tDNA0O5IrMO757lfrdQZCc2jPNDVntV0m/+4whiDfWaTKfMNgR7Qz0NAeGz/nRqF4m5/6CLzbP4/liHt12Ew==

prop-types@^15.5.10:
  version "15.8.1"
  resolved "https://registry.yarnpkg.com/prop-types/-/prop-types-15.8.1.tgz#67d87bf1a694f48435cf332c24af10214a3140b5"
  integrity sha512-oj87CgZICdulUohogVAR7AjlC0327U4el4L6eAvOqCeudMDVU0NThNaV+b9Df4dXgSP1gXMTnPdhfe/2qDH5cg==
  dependencies:
    loose-envify "^1.4.0"
    object-assign "^4.1.1"
    react-is "^16.13.1"

react-color@^2.19.3:
  version "2.19.3"
  resolved "https://registry.yarnpkg.com/react-color/-/react-color-2.19.3.tgz#ec6c6b4568312a3c6a18420ab0472e146aa5683d"
  integrity sha512-LEeGE/ZzNLIsFWa1TMe8y5VYqr7bibneWmvJwm1pCn/eNmrabWDh659JSPn9BuaMpEfU83WTOJfnCcjDZwNQTA==
  dependencies:
    "@icons/material" "^0.2.4"
    lodash "^4.17.15"
    lodash-es "^4.17.15"
    material-colors "^1.2.1"
    prop-types "^15.5.10"
    reactcss "^1.2.0"
    tinycolor2 "^1.4.1"

react-is@^16.13.1:
  version "16.13.1"
  resolved "https://registry.npmjs.org/react-is/-/react-is-16.13.1.tgz"
  integrity sha512-24e6ynE2H+OKt4kqsOvNd8kBpV65zoxbA4BVsEOB3ARVWQki/DHzaUoC5KuON/BiccDaCCTZBuOcfZs70kR8bQ==

reactcss@^1.2.0:
  version "1.2.3"
  resolved "https://registry.yarnpkg.com/reactcss/-/reactcss-1.2.3.tgz#c00013875e557b1cf0dfd9a368a1c3dab3b548dd"
  integrity sha512-KiwVUcFu1RErkI97ywr8nvx8dNOpT03rbnma0SSalTYjkrPYaEajR4a/MRt6DZ46K6arDRbWMNHF+xH7G7n/8A==
  dependencies:
    lodash "^4.0.1"

regenerator-runtime@^0.14.0:
  version "0.14.1"
  resolved "https://registry.npmjs.org/regenerator-runtime/-/regenerator-runtime-0.14.1.tgz"
  integrity sha512-dYnhHh0nJoMfnkZs6GmmhFknAGRrLznOu5nc9ML+EJxGvrx6H7teuevqVqCuPcPK//3eDrrjQhehXVx9cnkGdw==

socket.io-client@^4.8.1:
  version "4.8.1"
  resolved "https://registry.yarnpkg.com/socket.io-client/-/socket.io-client-4.8.1.tgz#1941eca135a5490b94281d0323fe2a35f6f291cb"
  integrity sha512-hJVXfu3E28NmzGk8o1sHhN3om52tRvwYeidbj7xKy2eIIse5IoKX3USlS6Tqt3BHAtflLIkCQBkzVrEEfWUyYQ==
  dependencies:
    "@socket.io/component-emitter" "~3.1.0"
    debug "~4.3.2"
    engine.io-client "~6.6.1"
    socket.io-parser "~4.2.4"

socket.io-parser@~4.2.4:
  version "4.2.4"
  resolved "https://registry.yarnpkg.com/socket.io-parser/-/socket.io-parser-4.2.4.tgz#c806966cf7270601e47469ddeec30fbdfda44c83"
  integrity sha512-/GbIKmo8ioc+NIWIhwdecY0ge+qVBSMdgxGygevmdHj24bsfgtCmcUUcQ5ZzcylGFHsN3k4HB4Cgkl96KVnuew==
  dependencies:
    "@socket.io/component-emitter" "~3.1.0"
    debug "~4.3.1"

tinycolor2@^1.4.1:
  version "1.6.0"
  resolved "https://registry.yarnpkg.com/tinycolor2/-/tinycolor2-1.6.0.tgz#f98007460169b0263b97072c5ae92484ce02d09e"
  integrity sha512-XPaBkWQJdsf3pLKJV9p4qN/S+fm2Oj8AIPo1BTUhg5oxkvm9+SVEGFdhyOz7tTdUTfvxMiAs4sp6/eZO2Ew+pw==

typescript@^5.6.3:
  version "5.6.3"
  resolved "https://registry.npmjs.org/typescript/-/typescript-5.6.3.tgz"
  integrity sha512-hjcS1mhfuyi4WW8IWtjP7brDrG2cuDZukyrYrSauoXGNgx0S7zceP07adYkJycEr56BOUTNPzbInooiN3fn1qw==

ws@~8.17.1:
  version "8.17.1"
  resolved "https://registry.yarnpkg.com/ws/-/ws-8.17.1.tgz#9293da530bb548febc95371d90f9c878727d919b"
  integrity sha512-6XQFvXTkbfUOZOKKILFG1PDK2NDQs4azKQl26T0YS5CxqWLgXajbPZ+h4gZekJyRqFU8pvnbAbbs/3TgRPy+GQ==

xmlhttprequest-ssl@~2.1.1:
  version "2.1.2"
  resolved "https://registry.yarnpkg.com/xmlhttprequest-ssl/-/xmlhttprequest-ssl-2.1.2.tgz#e9e8023b3f29ef34b97a859f584c5e6c61418e23"
  integrity sha512-TEU+nJVUUnA4CYJFLvK5X9AOeH4KvDvhIfm0vV1GaQRtchnG0hgK5p8hw/xjv8cunWYCsiPCSDzObPyhEwq3KQ==
